
Microsoft Visual Studio Solution File, Format Version 12.00
# Visual Studio Version 17
VisualStudioVersion = 17.7.34302.85
MinimumVisualStudioVersion = 10.0.40219.1
Project("{2150E333-8FDC-42A3-9474-1A3956D46DE8}") = "Microservices", "Microservices", "{BC1AF83F-4914-4BC3-AB39-042E8BF18C24}"
EndProject
Project("{FAE04EC0-301F-11D3-BF4B-00C04F79EFBC}") = "Publisher.Microservice", "Publisher.Microservice\Publisher.Microservice.csproj", "{F2A17F28-BAF2-4015-B42F-444ED1925EF1}"
EndProject
Project("{FAE04EC0-301F-11D3-BF4B-00C04F79EFBC}") = "Consumer.Microservice", "Consumer.Microservice\Consumer.Microservice.csproj", "{4BAB4293-8BFA-4C07-986C-2145665041F5}"
EndProject
Project("{FAE04EC0-301F-11D3-BF4B-00C04F79EFBC}") = "Shared.Models", "Shared.Models\Shared.Models.csproj", "{86F3891F-E234-44FB-8D44-D47C3F69DE64}"
EndProject
Global
	GlobalSection(SolutionConfigurationPlatforms) = preSolution
		Debug|Any CPU = Debug|Any CPU
		Release|Any CPU = Release|Any CPU
	EndGlobalSection
	GlobalSection(ProjectConfigurationPlatforms) = postSolution
		{F2A17F28-BAF2-4015-B42F-444ED1925EF1}.Debug|Any CPU.ActiveCfg = Debug|Any CPU
		{F2A17F28-BAF2-4015-B42F-444ED1925EF1}.Debug|Any CPU.Build.0 = Debug|Any CPU
		{F2A17F28-BAF2-4015-B42F-444ED1925EF1}.Release|Any CPU.ActiveCfg = Release|Any CPU
		{F2A17F28-BAF2-4015-B42F-444ED1925EF1}.Release|Any CPU.Build.0 = Release|Any CPU
		{4BAB4293-8BFA-4C07-986C-2145665041F5}.Debug|Any CPU.ActiveCfg = Debug|Any CPU
		{4BAB4293-8BFA-4C07-986C-2145665041F5}.Debug|Any CPU.Build.0 = Debug|Any CPU
		{4BAB4293-8BFA-4C07-986C-2145665041F5}.Release|Any CPU.ActiveCfg = Release|Any CPU
		{4BAB4293-8BFA-4C07-986C-2145665041F5}.Release|Any CPU.Build.0 = Release|Any CPU
		{86F3891F-E234-44FB-8D44-D47C3F69DE64}.Debug|Any CPU.ActiveCfg = Debug|Any CPU
		{86F3891F-E234-44FB-8D44-D47C3F69DE64}.Debug|Any CPU.Build.0 = Debug|Any CPU
		{86F3891F-E234-44FB-8D44-D47C3F69DE64}.Release|Any CPU.ActiveCfg = Release|Any CPU
		{86F3891F-E234-44FB-8D44-D47C3F69DE64}.Release|Any CPU.Build.0 = Release|Any CPU
	EndGlobalSection
	GlobalSection(SolutionProperties) = preSolution
		HideSolutionNode = FALSE
	EndGlobalSection
	GlobalSection(NestedProjects) = preSolution
		{F2A17F28-BAF2-4015-B42F-444ED1925EF1} = {BC1AF83F-4914-4BC3-AB39-042E8BF18C24}
		{4BAB4293-8BFA-4C07-986C-2145665041F5} = {BC1AF83F-4914-4BC3-AB39-042E8BF18C24}
	EndGlobalSection
	GlobalSection(ExtensibilityGlobals) = postSolution
		SolutionGuid = {DB4C05CA-737D-4402-ABC9-2026739CA997}
	EndGlobalSection
EndGlobal
